// !$*UTF8*$!
{
	archiveVersion = 1;
	classes = {
	};
	objectVersion = 46;
	objects = {

/* Begin PBXBuildFile section */
		3D1620C657BBF97B5CA34F08 /* Pods_ActionSheetView_Tests.framework in Frameworks */ = {isa = PBXBuildFile; fileRef = 4C8CC21D541FB1ABE379AD02 /* Pods_ActionSheetView_Tests.framework */; };
		607FACD61AFB9204008FA782 /* AppDelegate.swift in Sources */ = {isa = PBXBuildFile; fileRef = 607FACD51AFB9204008FA782 /* AppDelegate.swift */; };
		607FACDD1AFB9204008FA782 /* Images.xcassets in Resources */ = {isa = PBXBuildFile; fileRef = 607FACDC1AFB9204008FA782 /* Images.xcassets */; };
		607FACE01AFB9204008FA782 /* LaunchScreen.xib in Resources */ = {isa = PBXBuildFile; fileRef = 607FACDE1AFB9204008FA782 /* LaunchScreen.xib */; };
		607FACEC1AFB9204008FA782 /* Tests.swift in Sources */ = {isa = PBXBuildFile; fileRef = 607FACEB1AFB9204008FA782 /* Tests.swift */; };
		8833AF4C1FA69D59006790EC /* LastSearchsVC.swift in Sources */ = {isa = PBXBuildFile; fileRef = 8833AF491FA69D59006790EC /* LastSearchsVC.swift */; };
		8833AF4D1FA69D59006790EC /* ViewController.swift in Sources */ = {isa = PBXBuildFile; fileRef = 8833AF4A1FA69D59006790EC /* ViewController.swift */; };
		8833AF4E1FA69D59006790EC /* LastSearchsVC+UITableViewDataSource+Delega.swift in Sources */ = {isa = PBXBuildFile; fileRef = 8833AF4B1FA69D59006790EC /* LastSearchsVC+UITableViewDataSource+Delega.swift */; };
		8833AF501FA69EF1006790EC /* Dev.storyboard in Resources */ = {isa = PBXBuildFile; fileRef = 8833AF4F1FA69EF1006790EC /* Dev.storyboard */; };
		88AE8F151FB71D3100C55CB0 /* Main.storyboard in Resources */ = {isa = PBXBuildFile; fileRef = 88AE8F141FB71D3100C55CB0 /* Main.storyboard */; };
		88AE8F171FB71F1900C55CB0 /* MapKit.framework in Frameworks */ = {isa = PBXBuildFile; fileRef = 88AE8F161FB71F1900C55CB0 /* MapKit.framework */; };
		88AE8F1C1FB7224100C55CB0 /* MapVC.swift in Sources */ = {isa = PBXBuildFile; fileRef = 88AE8F1B1FB7224100C55CB0 /* MapVC.swift */; };
		88AE8F1E1FB726A500C55CB0 /* MapVC+ActionSheetViewDelegate.swift in Sources */ = {isa = PBXBuildFile; fileRef = 88AE8F1D1FB726A500C55CB0 /* MapVC+ActionSheetViewDelegate.swift */; };
		88AE8F201FB7274400C55CB0 /* MapVC+MKMapViewDelegate.swift in Sources */ = {isa = PBXBuildFile; fileRef = 88AE8F1F1FB7274400C55CB0 /* MapVC+MKMapViewDelegate.swift */; };
		88AE8F221FB72C9C00C55CB0 /* MapSearchVC.swift in Sources */ = {isa = PBXBuildFile; fileRef = 88AE8F211FB72C9C00C55CB0 /* MapSearchVC.swift */; };
		88AE8F261FB72D4900C55CB0 /* MapSearchVC+UITableViewDelegate+DataSource.swift in Sources */ = {isa = PBXBuildFile; fileRef = 88AE8F251FB72D4900C55CB0 /* MapSearchVC+UITableViewDelegate+DataSource.swift */; };
		88AE8F281FB7321000C55CB0 /* MKLocalSearchHelper.swift in Sources */ = {isa = PBXBuildFile; fileRef = 88AE8F271FB7321000C55CB0 /* MKLocalSearchHelper.swift */; };
		88AE8F2A1FB7355D00C55CB0 /* MapSearchVC+UISearchBarDelegate.swift in Sources */ = {isa = PBXBuildFile; fileRef = 88AE8F291FB7355D00C55CB0 /* MapSearchVC+UISearchBarDelegate.swift */; };
		88AE8F2E1FB742DB00C55CB0 /* TableVBackLoadingView.xib in Resources */ = {isa = PBXBuildFile; fileRef = 88AE8F2C1FB742DB00C55CB0 /* TableVBackLoadingView.xib */; };
		88AE8F2F1FB742DB00C55CB0 /* TableViewBackLV.swift in Sources */ = {isa = PBXBuildFile; fileRef = 88AE8F2D1FB742DB00C55CB0 /* TableViewBackLV.swift */; };
		88AE8F331FB742F200C55CB0 /* NoDataView.swift in Sources */ = {isa = PBXBuildFile; fileRef = 88AE8F311FB742F200C55CB0 /* NoDataView.swift */; };
		88AE8F341FB742F200C55CB0 /* NoDataView.xib in Resources */ = {isa = PBXBuildFile; fileRef = 88AE8F321FB742F200C55CB0 /* NoDataView.xib */; };
		FFBAF273C117B83C880223A4 /* Pods_ActionSheetView_Example.framework in Frameworks */ = {isa = PBXBuildFile; fileRef = AAD9B7916C84B67685C008CE /* Pods_ActionSheetView_Example.framework */; };
/* End PBXBuildFile section */

/* Begin PBXContainerItemProxy section */
		607FACE61AFB9204008FA782 /* PBXContainerItemProxy */ = {
			isa = PBXContainerItemProxy;
			containerPortal = 607FACC81AFB9204008FA782 /* Project object */;
			proxyType = 1;
			remoteGlobalIDString = 607FACCF1AFB9204008FA782;
			remoteInfo = ActionSheetView;
		};
/* End PBXContainerItemProxy section */

/* Begin PBXFileReference section */
		013838C2940F36467B4A689E /* ActionSheetView.podspec */ = {isa = PBXFileReference; includeInIndex = 1; lastKnownFileType = text; name = ActionSheetView.podspec; path = ../ActionSheetView.podspec; sourceTree = "<group>"; };
		1341DF6D4B8988B107C4EC21 /* Pods-ActionSheetView_Tests.release.xcconfig */ = {isa = PBXFileReference; includeInIndex = 1; lastKnownFileType = text.xcconfig; name = "Pods-ActionSheetView_Tests.release.xcconfig"; path = "Pods/Target Support Files/Pods-ActionSheetView_Tests/Pods-ActionSheetView_Tests.release.xcconfig"; sourceTree = "<group>"; };
		2E7EF84635BB8BF13D8368C1 /* LICENSE */ = {isa = PBXFileReference; includeInIndex = 1; lastKnownFileType = text; name = LICENSE; path = ../LICENSE; sourceTree = "<group>"; };
		44353EF57889B1C6D8C02246 /* README.md */ = {isa = PBXFileReference; includeInIndex = 1; lastKnownFileType = net.daringfireball.markdown; name = README.md; path = ../README.md; sourceTree = "<group>"; };
		4C8CC21D541FB1ABE379AD02 /* Pods_ActionSheetView_Tests.framework */ = {isa = PBXFileReference; explicitFileType = wrapper.framework; includeInIndex = 0; path = Pods_ActionSheetView_Tests.framework; sourceTree = BUILT_PRODUCTS_DIR; };
		607FACD01AFB9204008FA782 /* ActionSheetView_Example.app */ = {isa = PBXFileReference; explicitFileType = wrapper.application; includeInIndex = 0; path = ActionSheetView_Example.app; sourceTree = BUILT_PRODUCTS_DIR; };
		607FACD41AFB9204008FA782 /* Info.plist */ = {isa = PBXFileReference; lastKnownFileType = text.plist.xml; path = Info.plist; sourceTree = "<group>"; };
		607FACD51AFB9204008FA782 /* AppDelegate.swift */ = {isa = PBXFileReference; lastKnownFileType = sourcecode.swift; path = AppDelegate.swift; sourceTree = "<group>"; };
		607FACDC1AFB9204008FA782 /* Images.xcassets */ = {isa = PBXFileReference; lastKnownFileType = folder.assetcatalog; path = Images.xcassets; sourceTree = "<group>"; };
		607FACDF1AFB9204008FA782 /* Base */ = {isa = PBXFileReference; lastKnownFileType = file.xib; name = Base; path = Base.lproj/LaunchScreen.xib; sourceTree = "<group>"; };
		607FACE51AFB9204008FA782 /* ActionSheetView_Tests.xctest */ = {isa = PBXFileReference; explicitFileType = wrapper.cfbundle; includeInIndex = 0; path = ActionSheetView_Tests.xctest; sourceTree = BUILT_PRODUCTS_DIR; };
		607FACEA1AFB9204008FA782 /* Info.plist */ = {isa = PBXFileReference; lastKnownFileType = text.plist.xml; path = Info.plist; sourceTree = "<group>"; };
		607FACEB1AFB9204008FA782 /* Tests.swift */ = {isa = PBXFileReference; lastKnownFileType = sourcecode.swift; path = Tests.swift; sourceTree = "<group>"; };
		660BE152AE5E1C4BDC972CD5 /* Pods-ActionSheetView_Example.debug.xcconfig */ = {isa = PBXFileReference; includeInIndex = 1; lastKnownFileType = text.xcconfig; name = "Pods-ActionSheetView_Example.debug.xcconfig"; path = "Pods/Target Support Files/Pods-ActionSheetView_Example/Pods-ActionSheetView_Example.debug.xcconfig"; sourceTree = "<group>"; };
		8833AF491FA69D59006790EC /* LastSearchsVC.swift */ = {isa = PBXFileReference; fileEncoding = 4; lastKnownFileType = sourcecode.swift; path = LastSearchsVC.swift; sourceTree = "<group>"; };
		8833AF4A1FA69D59006790EC /* ViewController.swift */ = {isa = PBXFileReference; fileEncoding = 4; lastKnownFileType = sourcecode.swift; path = ViewController.swift; sourceTree = "<group>"; };
		8833AF4B1FA69D59006790EC /* LastSearchsVC+UITableViewDataSource+Delega.swift */ = {isa = PBXFileReference; fileEncoding = 4; lastKnownFileType = sourcecode.swift; path = "LastSearchsVC+UITableViewDataSource+Delega.swift"; sourceTree = "<group>"; };
		8833AF4F1FA69EF1006790EC /* Dev.storyboard */ = {isa = PBXFileReference; fileEncoding = 4; lastKnownFileType = file.storyboard; path = Dev.storyboard; sourceTree = "<group>"; };
		88AE8F141FB71D3100C55CB0 /* Main.storyboard */ = {isa = PBXFileReference; lastKnownFileType = file.storyboard; path = Main.storyboard; sourceTree = "<group>"; };
		88AE8F161FB71F1900C55CB0 /* MapKit.framework */ = {isa = PBXFileReference; lastKnownFileType = wrapper.framework; name = MapKit.framework; path = System/Library/Frameworks/MapKit.framework; sourceTree = SDKROOT; };
		88AE8F1B1FB7224100C55CB0 /* MapVC.swift */ = {isa = PBXFileReference; lastKnownFileType = sourcecode.swift; path = MapVC.swift; sourceTree = "<group>"; };
		88AE8F1D1FB726A500C55CB0 /* MapVC+ActionSheetViewDelegate.swift */ = {isa = PBXFileReference; lastKnownFileType = sourcecode.swift; path = "MapVC+ActionSheetViewDelegate.swift"; sourceTree = "<group>"; };
		88AE8F1F1FB7274400C55CB0 /* MapVC+MKMapViewDelegate.swift */ = {isa = PBXFileReference; lastKnownFileType = sourcecode.swift; path = "MapVC+MKMapViewDelegate.swift"; sourceTree = "<group>"; };
		88AE8F211FB72C9C00C55CB0 /* MapSearchVC.swift */ = {isa = PBXFileReference; lastKnownFileType = sourcecode.swift; path = MapSearchVC.swift; sourceTree = "<group>"; };
		88AE8F251FB72D4900C55CB0 /* MapSearchVC+UITableViewDelegate+DataSource.swift */ = {isa = PBXFileReference; lastKnownFileType = sourcecode.swift; path = "MapSearchVC+UITableViewDelegate+DataSource.swift"; sourceTree = "<group>"; };
		88AE8F271FB7321000C55CB0 /* MKLocalSearchHelper.swift */ = {isa = PBXFileReference; lastKnownFileType = sourcecode.swift; path = MKLocalSearchHelper.swift; sourceTree = "<group>"; };
		88AE8F291FB7355D00C55CB0 /* MapSearchVC+UISearchBarDelegate.swift */ = {isa = PBXFileReference; lastKnownFileType = sourcecode.swift; path = "MapSearchVC+UISearchBarDelegate.swift"; sourceTree = "<group>"; };
		88AE8F2C1FB742DB00C55CB0 /* TableVBackLoadingView.xib */ = {isa = PBXFileReference; fileEncoding = 4; lastKnownFileType = file.xib; path = TableVBackLoadingView.xib; sourceTree = "<group>"; };
		88AE8F2D1FB742DB00C55CB0 /* TableViewBackLV.swift */ = {isa = PBXFileReference; fileEncoding = 4; lastKnownFileType = sourcecode.swift; path = TableViewBackLV.swift; sourceTree = "<group>"; };
		88AE8F311FB742F200C55CB0 /* NoDataView.swift */ = {isa = PBXFileReference; fileEncoding = 4; lastKnownFileType = sourcecode.swift; path = NoDataView.swift; sourceTree = "<group>"; };
		88AE8F321FB742F200C55CB0 /* NoDataView.xib */ = {isa = PBXFileReference; fileEncoding = 4; lastKnownFileType = file.xib; path = NoDataView.xib; sourceTree = "<group>"; };
		9DCE696C56AB31D3CBF22631 /* Pods-ActionSheetView_Example.release.xcconfig */ = {isa = PBXFileReference; includeInIndex = 1; lastKnownFileType = text.xcconfig; name = "Pods-ActionSheetView_Example.release.xcconfig"; path = "Pods/Target Support Files/Pods-ActionSheetView_Example/Pods-ActionSheetView_Example.release.xcconfig"; sourceTree = "<group>"; };
		A7EECBB5A8457BB133C13376 /* Pods-ActionSheetView_Tests.debug.xcconfig */ = {isa = PBXFileReference; includeInIndex = 1; lastKnownFileType = text.xcconfig; name = "Pods-ActionSheetView_Tests.debug.xcconfig"; path = "Pods/Target Support Files/Pods-ActionSheetView_Tests/Pods-ActionSheetView_Tests.debug.xcconfig"; sourceTree = "<group>"; };
		AAD9B7916C84B67685C008CE /* Pods_ActionSheetView_Example.framework */ = {isa = PBXFileReference; explicitFileType = wrapper.framework; includeInIndex = 0; path = Pods_ActionSheetView_Example.framework; sourceTree = BUILT_PRODUCTS_DIR; };
/* End PBXFileReference section */

/* Begin PBXFrameworksBuildPhase section */
		607FACCD1AFB9204008FA782 /* Frameworks */ = {
			isa = PBXFrameworksBuildPhase;
			buildActionMask = 2147483647;
			files = (
				88AE8F171FB71F1900C55CB0 /* MapKit.framework in Frameworks */,
				FFBAF273C117B83C880223A4 /* Pods_ActionSheetView_Example.framework in Frameworks */,
			);
			runOnlyForDeploymentPostprocessing = 0;
		};
		607FACE21AFB9204008FA782 /* Frameworks */ = {
			isa = PBXFrameworksBuildPhase;
			buildActionMask = 2147483647;
			files = (
				3D1620C657BBF97B5CA34F08 /* Pods_ActionSheetView_Tests.framework in Frameworks */,
			);
			runOnlyForDeploymentPostprocessing = 0;
		};
/* End PBXFrameworksBuildPhase section */

/* Begin PBXGroup section */
		607FACC71AFB9204008FA782 = {
			isa = PBXGroup;
			children = (
				607FACF51AFB993E008FA782 /* Podspec Metadata */,
				607FACD21AFB9204008FA782 /* Example for ActionSheetView */,
				607FACE81AFB9204008FA782 /* Tests */,
				607FACD11AFB9204008FA782 /* Products */,
				E80D55E3743C9632E4DBA47E /* Pods */,
				886D924D504BD8B6CBA19993 /* Frameworks */,
			);
			sourceTree = "<group>";
		};
		607FACD11AFB9204008FA782 /* Products */ = {
			isa = PBXGroup;
			children = (
				607FACD01AFB9204008FA782 /* ActionSheetView_Example.app */,
				607FACE51AFB9204008FA782 /* ActionSheetView_Tests.xctest */,
			);
			name = Products;
			sourceTree = "<group>";
		};
		607FACD21AFB9204008FA782 /* Example for ActionSheetView */ = {
			isa = PBXGroup;
			children = (
				88AE8F351FB8651F00C55CB0 /* Helpers */,
				88AE8F1A1FB7221500C55CB0 /* Main */,
				88AE8F141FB71D3100C55CB0 /* Main.storyboard */,
				607FACDE1AFB9204008FA782 /* LaunchScreen.xib */,
				88AE8F191FB7213800C55CB0 /* Dev */,
				607FACD31AFB9204008FA782 /* Supporting Files */,
			);
			name = "Example for ActionSheetView";
			path = ActionSheetView;
			sourceTree = "<group>";
		};
		607FACD31AFB9204008FA782 /* Supporting Files */ = {
			isa = PBXGroup;
			children = (
				607FACD51AFB9204008FA782 /* AppDelegate.swift */,
				607FACDC1AFB9204008FA782 /* Images.xcassets */,
				607FACD41AFB9204008FA782 /* Info.plist */,
			);
			name = "Supporting Files";
			sourceTree = "<group>";
		};
		607FACE81AFB9204008FA782 /* Tests */ = {
			isa = PBXGroup;
			children = (
				607FACEB1AFB9204008FA782 /* Tests.swift */,
				607FACE91AFB9204008FA782 /* Supporting Files */,
			);
			path = Tests;
			sourceTree = "<group>";
		};
		607FACE91AFB9204008FA782 /* Supporting Files */ = {
			isa = PBXGroup;
			children = (
				607FACEA1AFB9204008FA782 /* Info.plist */,
			);
			name = "Supporting Files";
			sourceTree = "<group>";
		};
		607FACF51AFB993E008FA782 /* Podspec Metadata */ = {
			isa = PBXGroup;
			children = (
				013838C2940F36467B4A689E /* ActionSheetView.podspec */,
				44353EF57889B1C6D8C02246 /* README.md */,
				2E7EF84635BB8BF13D8368C1 /* LICENSE */,
			);
			name = "Podspec Metadata";
			sourceTree = "<group>";
		};
		886D924D504BD8B6CBA19993 /* Frameworks */ = {
			isa = PBXGroup;
			children = (
				88AE8F161FB71F1900C55CB0 /* MapKit.framework */,
				AAD9B7916C84B67685C008CE /* Pods_ActionSheetView_Example.framework */,
				4C8CC21D541FB1ABE379AD02 /* Pods_ActionSheetView_Tests.framework */,
			);
			name = Frameworks;
			sourceTree = "<group>";
		};
		88AE8F191FB7213800C55CB0 /* Dev */ = {
			isa = PBXGroup;
			children = (
				8833AF491FA69D59006790EC /* LastSearchsVC.swift */,
				8833AF4B1FA69D59006790EC /* LastSearchsVC+UITableViewDataSource+Delega.swift */,
				8833AF4A1FA69D59006790EC /* ViewController.swift */,
				8833AF4F1FA69EF1006790EC /* Dev.storyboard */,
			);
			name = Dev;
			sourceTree = "<group>";
		};
		88AE8F1A1FB7221500C55CB0 /* Main */ = {
			isa = PBXGroup;
			children = (
				88AE8F241FB72D3500C55CB0 /* MapSearchVC */,
				88AE8F231FB72D2A00C55CB0 /* MapVC */,
			);
			name = Main;
			sourceTree = "<group>";
		};
		88AE8F231FB72D2A00C55CB0 /* MapVC */ = {
			isa = PBXGroup;
			children = (
				88AE8F1B1FB7224100C55CB0 /* MapVC.swift */,
				88AE8F1D1FB726A500C55CB0 /* MapVC+ActionSheetViewDelegate.swift */,
				88AE8F1F1FB7274400C55CB0 /* MapVC+MKMapViewDelegate.swift */,
			);
			name = MapVC;
			sourceTree = "<group>";
		};
		88AE8F241FB72D3500C55CB0 /* MapSearchVC */ = {
			isa = PBXGroup;
			children = (
				88AE8F271FB7321000C55CB0 /* MKLocalSearchHelper.swift */,
				88AE8F211FB72C9C00C55CB0 /* MapSearchVC.swift */,
				88AE8F251FB72D4900C55CB0 /* MapSearchVC+UITableViewDelegate+DataSource.swift */,
				88AE8F291FB7355D00C55CB0 /* MapSearchVC+UISearchBarDelegate.swift */,
			);
			name = MapSearchVC;
			sourceTree = "<group>";
		};
		88AE8F2B1FB742DB00C55CB0 /* BackLoadView */ = {
			isa = PBXGroup;
			children = (
				88AE8F2C1FB742DB00C55CB0 /* TableVBackLoadingView.xib */,
				88AE8F2D1FB742DB00C55CB0 /* TableViewBackLV.swift */,
			);
			name = BackLoadView;
			path = ActionSheetView/BackLoadView;
			sourceTree = SOURCE_ROOT;
		};
		88AE8F301FB742F200C55CB0 /* InfoBackView */ = {
			isa = PBXGroup;
			children = (
				88AE8F311FB742F200C55CB0 /* NoDataView.swift */,
				88AE8F321FB742F200C55CB0 /* NoDataView.xib */,
			);
			name = InfoBackView;
			path = ActionSheetView/InfoBackView;
			sourceTree = SOURCE_ROOT;
		};
		88AE8F351FB8651F00C55CB0 /* Helpers */ = {
			isa = PBXGroup;
			children = (
				88AE8F301FB742F200C55CB0 /* InfoBackView */,
				88AE8F2B1FB742DB00C55CB0 /* BackLoadView */,
			);
			name = Helpers;
			sourceTree = "<group>";
		};
		E80D55E3743C9632E4DBA47E /* Pods */ = {
			isa = PBXGroup;
			children = (
				660BE152AE5E1C4BDC972CD5 /* Pods-ActionSheetView_Example.debug.xcconfig */,
				9DCE696C56AB31D3CBF22631 /* Pods-ActionSheetView_Example.release.xcconfig */,
				A7EECBB5A8457BB133C13376 /* Pods-ActionSheetView_Tests.debug.xcconfig */,
				1341DF6D4B8988B107C4EC21 /* Pods-ActionSheetView_Tests.release.xcconfig */,
			);
			name = Pods;
			sourceTree = "<group>";
		};
/* End PBXGroup section */

/* Begin PBXNativeTarget section */
		607FACCF1AFB9204008FA782 /* ActionSheetView_Example */ = {
			isa = PBXNativeTarget;
			buildConfigurationList = 607FACEF1AFB9204008FA782 /* Build configuration list for PBXNativeTarget "ActionSheetView_Example" */;
			buildPhases = (
				4FA1530182D8AB2B5B4E8A4E /* [CP] Check Pods Manifest.lock */,
				607FACCC1AFB9204008FA782 /* Sources */,
				607FACCD1AFB9204008FA782 /* Frameworks */,
				607FACCE1AFB9204008FA782 /* Resources */,
				2143AB70668B725FBD84EDC8 /* [CP] Embed Pods Frameworks */,
				013EAEA6682A092ABD18F308 /* [CP] Copy Pods Resources */,
			);
			buildRules = (
			);
			dependencies = (
			);
			name = ActionSheetView_Example;
			productName = ActionSheetView;
			productReference = 607FACD01AFB9204008FA782 /* ActionSheetView_Example.app */;
			productType = "com.apple.product-type.application";
		};
		607FACE41AFB9204008FA782 /* ActionSheetView_Tests */ = {
			isa = PBXNativeTarget;
			buildConfigurationList = 607FACF21AFB9204008FA782 /* Build configuration list for PBXNativeTarget "ActionSheetView_Tests" */;
			buildPhases = (
				26930DCD173718C70ED311C0 /* [CP] Check Pods Manifest.lock */,
				607FACE11AFB9204008FA782 /* Sources */,
				607FACE21AFB9204008FA782 /* Frameworks */,
				607FACE31AFB9204008FA782 /* Resources */,
				FE4BF87F5E2BDB90E61843D3 /* [CP] Embed Pods Frameworks */,
				7801117F1D1A738770AC1F66 /* [CP] Copy Pods Resources */,
			);
			buildRules = (
			);
			dependencies = (
				607FACE71AFB9204008FA782 /* PBXTargetDependency */,
			);
			name = ActionSheetView_Tests;
			productName = Tests;
			productReference = 607FACE51AFB9204008FA782 /* ActionSheetView_Tests.xctest */;
			productType = "com.apple.product-type.bundle.unit-test";
		};
/* End PBXNativeTarget section */

/* Begin PBXProject section */
		607FACC81AFB9204008FA782 /* Project object */ = {
			isa = PBXProject;
			attributes = {
				LastSwiftUpdateCheck = 0830;
				LastUpgradeCheck = 0940;
				ORGANIZATIONNAME = CocoaPods;
				TargetAttributes = {
					607FACCF1AFB9204008FA782 = {
						CreatedOnToolsVersion = 6.3.1;
						DevelopmentTeam = T6C28BT29G;
						LastSwiftMigration = 0900;
						SystemCapabilities = {
							com.apple.Maps.iOS = {
								enabled = 1;
							};
						};
					};
					607FACE41AFB9204008FA782 = {
						CreatedOnToolsVersion = 6.3.1;
						DevelopmentTeam = T6C28BT29G;
						LastSwiftMigration = 0900;
						TestTargetID = 607FACCF1AFB9204008FA782;
					};
				};
			};
			buildConfigurationList = 607FACCB1AFB9204008FA782 /* Build configuration list for PBXProject "ActionSheetView" */;
			compatibilityVersion = "Xcode 3.2";
			developmentRegion = English;
			hasScannedForEncodings = 0;
			knownRegions = (
				en,
				Base,
			);
			mainGroup = 607FACC71AFB9204008FA782;
			productRefGroup = 607FACD11AFB9204008FA782 /* Products */;
			projectDirPath = "";
			projectRoot = "";
			targets = (
				607FACCF1AFB9204008FA782 /* ActionSheetView_Example */,
				607FACE41AFB9204008FA782 /* ActionSheetView_Tests */,
			);
		};
/* End PBXProject section */

/* Begin PBXResourcesBuildPhase section */
		607FACCE1AFB9204008FA782 /* Resources */ = {
			isa = PBXResourcesBuildPhase;
			buildActionMask = 2147483647;
			files = (
				8833AF501FA69EF1006790EC /* Dev.storyboard in Resources */,
				88AE8F151FB71D3100C55CB0 /* Main.storyboard in Resources */,
				607FACE01AFB9204008FA782 /* LaunchScreen.xib in Resources */,
				88AE8F341FB742F200C55CB0 /* NoDataView.xib in Resources */,
				607FACDD1AFB9204008FA782 /* Images.xcassets in Resources */,
				88AE8F2E1FB742DB00C55CB0 /* TableVBackLoadingView.xib in Resources */,
			);
			runOnlyForDeploymentPostprocessing = 0;
		};
		607FACE31AFB9204008FA782 /* Resources */ = {
			isa = PBXResourcesBuildPhase;
			buildActionMask = 2147483647;
			files = (
			);
			runOnlyForDeploymentPostprocessing = 0;
		};
/* End PBXResourcesBuildPhase section */

/* Begin PBXShellScriptBuildPhase section */
		013EAEA6682A092ABD18F308 /* [CP] Copy Pods Resources */ = {
			isa = PBXShellScriptBuildPhase;
			buildActionMask = 2147483647;
			files = (
			);
			inputPaths = (
			);
			name = "[CP] Copy Pods Resources";
			outputPaths = (
			);
			runOnlyForDeploymentPostprocessing = 0;
			shellPath = /bin/sh;
			shellScript = "\"${SRCROOT}/Pods/Target Support Files/Pods-ActionSheetView_Example/Pods-ActionSheetView_Example-resources.sh\"\n";
			showEnvVarsInLog = 0;
		};
		2143AB70668B725FBD84EDC8 /* [CP] Embed Pods Frameworks */ = {
			isa = PBXShellScriptBuildPhase;
			buildActionMask = 2147483647;
			files = (
			);
			inputPaths = (
				"${SRCROOT}/Pods/Target Support Files/Pods-ActionSheetView_Example/Pods-ActionSheetView_Example-frameworks.sh",
				"${BUILT_PRODUCTS_DIR}/ActionSheetView/ActionSheetView.framework",
				"${BUILT_PRODUCTS_DIR}/Shimmer/Shimmer.framework",
			);
			name = "[CP] Embed Pods Frameworks";
			outputPaths = (
				"${TARGET_BUILD_DIR}/${FRAMEWORKS_FOLDER_PATH}/ActionSheetView.framework",
				"${TARGET_BUILD_DIR}/${FRAMEWORKS_FOLDER_PATH}/Shimmer.framework",
			);
			runOnlyForDeploymentPostprocessing = 0;
			shellPath = /bin/sh;
			shellScript = "\"${SRCROOT}/Pods/Target Support Files/Pods-ActionSheetView_Example/Pods-ActionSheetView_Example-frameworks.sh\"\n";
			showEnvVarsInLog = 0;
		};
		26930DCD173718C70ED311C0 /* [CP] Check Pods Manifest.lock */ = {
			isa = PBXShellScriptBuildPhase;
			buildActionMask = 2147483647;
			files = (
			);
			inputPaths = (
				"${PODS_PODFILE_DIR_PATH}/Podfile.lock",
				"${PODS_ROOT}/Manifest.lock",
			);
			name = "[CP] Check Pods Manifest.lock";
			outputPaths = (
				"$(DERIVED_FILE_DIR)/Pods-ActionSheetView_Tests-checkManifestLockResult.txt",
			);
			runOnlyForDeploymentPostprocessing = 0;
			shellPath = /bin/sh;
			shellScript = "diff \"${PODS_PODFILE_DIR_PATH}/Podfile.lock\" \"${PODS_ROOT}/Manifest.lock\" > /dev/null\nif [ $? != 0 ] ; then\n    # print error to STDERR\n    echo \"error: The sandbox is not in sync with the Podfile.lock. Run 'pod install' or update your CocoaPods installation.\" >&2\n    exit 1\nfi\n# This output is used by Xcode 'outputs' to avoid re-running this script phase.\necho \"SUCCESS\" > \"${SCRIPT_OUTPUT_FILE_0}\"\n";
			showEnvVarsInLog = 0;
		};
		4FA1530182D8AB2B5B4E8A4E /* [CP] Check Pods Manifest.lock */ = {
			isa = PBXShellScriptBuildPhase;
			buildActionMask = 2147483647;
			files = (
			);
			inputPaths = (
				"${PODS_PODFILE_DIR_PATH}/Podfile.lock",
				"${PODS_ROOT}/Manifest.lock",
			);
			name = "[CP] Check Pods Manifest.lock";
			outputPaths = (
				"$(DERIVED_FILE_DIR)/Pods-ActionSheetView_Example-checkManifestLockResult.txt",
			);
			runOnlyForDeploymentPostprocessing = 0;
			shellPath = /bin/sh;
			shellScript = "diff \"${PODS_PODFILE_DIR_PATH}/Podfile.lock\" \"${PODS_ROOT}/Manifest.lock\" > /dev/null\nif [ $? != 0 ] ; then\n    # print error to STDERR\n    echo \"error: The sandbox is not in sync with the Podfile.lock. Run 'pod install' or update your CocoaPods installation.\" >&2\n    exit 1\nfi\n# This output is used by Xcode 'outputs' to avoid re-running this script phase.\necho \"SUCCESS\" > \"${SCRIPT_OUTPUT_FILE_0}\"\n";
			showEnvVarsInLog = 0;
		};
		7801117F1D1A738770AC1F66 /* [CP] Copy Pods Resources */ = {
			isa = PBXShellScriptBuildPhase;
			buildActionMask = 2147483647;
			files = (
			);
			inputPaths = (
			);
			name = "[CP] Copy Pods Resources";
			outputPaths = (
			);
			runOnlyForDeploymentPostprocessing = 0;
			shellPath = /bin/sh;
			shellScript = "\"${SRCROOT}/Pods/Target Support Files/Pods-ActionSheetView_Tests/Pods-ActionSheetView_Tests-resources.sh\"\n";
			showEnvVarsInLog = 0;
		};
		FE4BF87F5E2BDB90E61843D3 /* [CP] Embed Pods Frameworks */ = {
			isa = PBXShellScriptBuildPhase;
			buildActionMask = 2147483647;
			files = (
			);
			inputPaths = (
			);
			name = "[CP] Embed Pods Frameworks";
			outputPaths = (
			);
			runOnlyForDeploymentPostprocessing = 0;
			shellPath = /bin/sh;
			shellScript = "\"${SRCROOT}/Pods/Target Support Files/Pods-ActionSheetView_Tests/Pods-ActionSheetView_Tests-frameworks.sh\"\n";
			showEnvVarsInLog = 0;
		};
/* End PBXShellScriptBuildPhase section */

/* Begin PBXSourcesBuildPhase section */
		607FACCC1AFB9204008FA782 /* Sources */ = {
			isa = PBXSourcesBuildPhase;
			buildActionMask = 2147483647;
			files = (
				88AE8F1C1FB7224100C55CB0 /* MapVC.swift in Sources */,
				88AE8F281FB7321000C55CB0 /* MKLocalSearchHelper.swift in Sources */,
				88AE8F2A1FB7355D00C55CB0 /* MapSearchVC+UISearchBarDelegate.swift in Sources */,
				88AE8F221FB72C9C00C55CB0 /* MapSearchVC.swift in Sources */,
				88AE8F261FB72D4900C55CB0 /* MapSearchVC+UITableViewDelegate+DataSource.swift in Sources */,
				88AE8F201FB7274400C55CB0 /* MapVC+MKMapViewDelegate.swift in Sources */,
				8833AF4D1FA69D59006790EC /* ViewController.swift in Sources */,
				88AE8F331FB742F200C55CB0 /* NoDataView.swift in Sources */,
				8833AF4E1FA69D59006790EC /* LastSearchsVC+UITableViewDataSource+Delega.swift in Sources */,
				88AE8F1E1FB726A500C55CB0 /* MapVC+ActionSheetViewDelegate.swift in Sources */,
				8833AF4C1FA69D59006790EC /* LastSearchsVC.swift in Sources */,
				88AE8F2F1FB742DB00C55CB0 /* TableViewBackLV.swift in Sources */,
				607FACD61AFB9204008FA782 /* AppDelegate.swift in Sources */,
			);
			runOnlyForDeploymentPostprocessing = 0;
		};
		607FACE11AFB9204008FA782 /* Sources */ = {
			isa = PBXSourcesBuildPhase;
			buildActionMask = 2147483647;
			files = (
				607FACEC1AFB9204008FA782 /* Tests.swift in Sources */,
			);
			runOnlyForDeploymentPostprocessing = 0;
		};
/* End PBXSourcesBuildPhase section */

/* Begin PBXTargetDependency section */
		607FACE71AFB9204008FA782 /* PBXTargetDependency */ = {
			isa = PBXTargetDependency;
			target = 607FACCF1AFB9204008FA782 /* ActionSheetView_Example */;
			targetProxy = 607FACE61AFB9204008FA782 /* PBXContainerItemProxy */;
		};
/* End PBXTargetDependency section */

/* Begin PBXVariantGroup section */
		607FACDE1AFB9204008FA782 /* LaunchScreen.xib */ = {
			isa = PBXVariantGroup;
			children = (
				607FACDF1AFB9204008FA782 /* Base */,
			);
			name = LaunchScreen.xib;
			sourceTree = "<group>";
		};
/* End PBXVariantGroup section */

/* Begin XCBuildConfiguration section */
		607FACED1AFB9204008FA782 /* Debug */ = {
			isa = XCBuildConfiguration;
			buildSettings = {
				ALWAYS_SEARCH_USER_PATHS = NO;
				CLANG_CXX_LANGUAGE_STANDARD = "gnu++0x";
				CLANG_CXX_LIBRARY = "libc++";
				CLANG_ENABLE_MODULES = YES;
				CLANG_ENABLE_OBJC_ARC = YES;
				CLANG_WARN_BLOCK_CAPTURE_AUTORELEASING = YES;
				CLANG_WARN_BOOL_CONVERSION = YES;
				CLANG_WARN_COMMA = YES;
				CLANG_WARN_CONSTANT_CONVERSION = YES;
				CLANG_WARN_DEPRECATED_OBJC_IMPLEMENTATIONS = YES;
				CLANG_WARN_DIRECT_OBJC_ISA_USAGE = YES_ERROR;
				CLANG_WARN_EMPTY_BODY = YES;
				CLANG_WARN_ENUM_CONVERSION = YES;
				CLANG_WARN_INFINITE_RECURSION = YES;
				CLANG_WARN_INT_CONVERSION = YES;
				CLANG_WARN_NON_LITERAL_NULL_CONVERSION = YES;
				CLANG_WARN_OBJC_IMPLICIT_RETAIN_SELF = YES;
				CLANG_WARN_OBJC_LITERAL_CONVERSION = YES;
				CLANG_WARN_OBJC_ROOT_CLASS = YES_ERROR;
				CLANG_WARN_RANGE_LOOP_ANALYSIS = YES;
				CLANG_WARN_STRICT_PROTOTYPES = YES;
				CLANG_WARN_SUSPICIOUS_MOVE = YES;
				CLANG_WARN_UNREACHABLE_CODE = YES;
				CLANG_WARN__DUPLICATE_METHOD_MATCH = YES;
				"CODE_SIGN_IDENTITY[sdk=iphoneos*]" = "iPhone Developer";
				COPY_PHASE_STRIP = NO;
				DEBUG_INFORMATION_FORMAT = "dwarf-with-dsym";
				ENABLE_STRICT_OBJC_MSGSEND = YES;
				ENABLE_TESTABILITY = YES;
				GCC_C_LANGUAGE_STANDARD = gnu99;
				GCC_DYNAMIC_NO_PIC = NO;
				GCC_NO_COMMON_BLOCKS = YES;
				GCC_OPTIMIZATION_LEVEL = 0;
				GCC_PREPROCESSOR_DEFINITIONS = (
					"DEBUG=1",
					"$(inherited)",
				);
				GCC_SYMBOLS_PRIVATE_EXTERN = NO;
				GCC_WARN_64_TO_32_BIT_CONVERSION = YES;
				GCC_WARN_ABOUT_RETURN_TYPE = YES_ERROR;
				GCC_WARN_UNDECLARED_SELECTOR = YES;
				GCC_WARN_UNINITIALIZED_AUTOS = YES_AGGRESSIVE;
				GCC_WARN_UNUSED_FUNCTION = YES;
				GCC_WARN_UNUSED_VARIABLE = YES;
				IPHONEOS_DEPLOYMENT_TARGET = 10.0;
				MTL_ENABLE_DEBUG_INFO = YES;
				ONLY_ACTIVE_ARCH = YES;
				SDKROOT = iphoneos;
				SWIFT_OPTIMIZATION_LEVEL = "-Onone";
			};
			name = Debug;
		};
		607FACEE1AFB9204008FA782 /* Release */ = {
			isa = XCBuildConfiguration;
			buildSettings = {
				ALWAYS_SEARCH_USER_PATHS = NO;
				CLANG_CXX_LANGUAGE_STANDARD = "gnu++0x";
				CLANG_CXX_LIBRARY = "libc++";
				CLANG_ENABLE_MODULES = YES;
				CLANG_ENABLE_OBJC_ARC = YES;
				CLANG_WARN_BLOCK_CAPTURE_AUTORELEASING = YES;
				CLANG_WARN_BOOL_CONVERSION = YES;
				CLANG_WARN_COMMA = YES;
				CLANG_WARN_CONSTANT_CONVERSION = YES;
				CLANG_WARN_DEPRECATED_OBJC_IMPLEMENTATIONS = YES;
				CLANG_WARN_DIRECT_OBJC_ISA_USAGE = YES_ERROR;
				CLANG_WARN_EMPTY_BODY = YES;
				CLANG_WARN_ENUM_CONVERSION = YES;
				CLANG_WARN_INFINITE_RECURSION = YES;
				CLANG_WARN_INT_CONVERSION = YES;
				CLANG_WARN_NON_LITERAL_NULL_CONVERSION = YES;
				CLANG_WARN_OBJC_IMPLICIT_RETAIN_SELF = YES;
				CLANG_WARN_OBJC_LITERAL_CONVERSION = YES;
				CLANG_WARN_OBJC_ROOT_CLASS = YES_ERROR;
				CLANG_WARN_RANGE_LOOP_ANALYSIS = YES;
				CLANG_WARN_STRICT_PROTOTYPES = YES;
				CLANG_WARN_SUSPICIOUS_MOVE = YES;
				CLANG_WARN_UNREACHABLE_CODE = YES;
				CLANG_WARN__DUPLICATE_METHOD_MATCH = YES;
				"CODE_SIGN_IDENTITY[sdk=iphoneos*]" = "iPhone Developer";
				COPY_PHASE_STRIP = NO;
				DEBUG_INFORMATION_FORMAT = "dwarf-with-dsym";
				ENABLE_NS_ASSERTIONS = NO;
				ENABLE_STRICT_OBJC_MSGSEND = YES;
				GCC_C_LANGUAGE_STANDARD = gnu99;
				GCC_NO_COMMON_BLOCKS = YES;
				GCC_WARN_64_TO_32_BIT_CONVERSION = YES;
				GCC_WARN_ABOUT_RETURN_TYPE = YES_ERROR;
				GCC_WARN_UNDECLARED_SELECTOR = YES;
				GCC_WARN_UNINITIALIZED_AUTOS = YES_AGGRESSIVE;
				GCC_WARN_UNUSED_FUNCTION = YES;
				GCC_WARN_UNUSED_VARIABLE = YES;
				IPHONEOS_DEPLOYMENT_TARGET = 10.0;
				MTL_ENABLE_DEBUG_INFO = NO;
				SDKROOT = iphoneos;
				SWIFT_OPTIMIZATION_LEVEL = "-Owholemodule";
				VALIDATE_PRODUCT = YES;
			};
			name = Release;
		};
		607FACF01AFB9204008FA782 /* Debug */ = {
			isa = XCBuildConfiguration;
			baseConfigurationReference = 660BE152AE5E1C4BDC972CD5 /* Pods-ActionSheetView_Example.debug.xcconfig */;
			buildSettings = {
				ASSETCATALOG_COMPILER_APPICON_NAME = AppIcon;
				DEVELOPMENT_TEAM = T6C28BT29G;
				INFOPLIST_FILE = ActionSheetView/Info.plist;
				IPHONEOS_DEPLOYMENT_TARGET = 9.0;
				LD_RUNPATH_SEARCH_PATHS = "$(inherited) @executable_path/Frameworks";
				MODULE_NAME = ExampleApp;
				PRODUCT_BUNDLE_IDENTIFIER = com.josechagas.ActionSheetView;
				PRODUCT_NAME = "$(TARGET_NAME)";
				SWIFT_SWIFT3_OBJC_INFERENCE = Default;
				SWIFT_VERSION = 4.0;
			};
			name = Debug;
		};
		607FACF11AFB9204008FA782 /* Release */ = {
			isa = XCBuildConfiguration;
			baseConfigurationReference = 9DCE696C56AB31D3CBF22631 /* Pods-ActionSheetView_Example.release.xcconfig */;
			buildSettings = {
				ASSETCATALOG_COMPILER_APPICON_NAME = AppIcon;
				DEVELOPMENT_TEAM = T6C28BT29G;
				INFOPLIST_FILE = ActionSheetView/Info.plist;
				IPHONEOS_DEPLOYMENT_TARGET = 9.0;
				LD_RUNPATH_SEARCH_PATHS = "$(inherited) @executable_path/Frameworks";
				MODULE_NAME = ExampleApp;
				PRODUCT_BUNDLE_IDENTIFIER = com.josechagas.ActionSheetView;
				PRODUCT_NAME = "$(TARGET_NAME)";
				SWIFT_SWIFT3_OBJC_INFERENCE = Default;
				SWIFT_VERSION = 4.0;
			};
			name = Release;
		};
		607FACF31AFB9204008FA782 /* Debug */ = {
			isa = XCBuildConfiguration;
			baseConfigurationReference = A7EECBB5A8457BB133C13376 /* Pods-ActionSheetView_Tests.debug.xcconfig */;
			buildSettings = {
				DEVELOPMENT_TEAM = T6C28BT29G;
				FRAMEWORK_SEARCH_PATHS = (
					"$(SDKROOT)/Developer/Library/Frameworks",
					"$(inherited)",
				);
				GCC_PREPROCESSOR_DEFINITIONS = (
					"DEBUG=1",
					"$(inherited)",
				);
				INFOPLIST_FILE = Tests/Info.plist;
				LD_RUNPATH_SEARCH_PATHS = "$(inherited) @executable_path/Frameworks @loader_path/Frameworks";
				PRODUCT_BUNDLE_IDENTIFIER = "org.cocoapods.$(PRODUCT_NAME:rfc1034identifier)";
				PRODUCT_NAME = "$(TARGET_NAME)";
				SWIFT_SWIFT3_OBJC_INFERENCE = Default;
				SWIFT_VERSION = 4.0;
			};
			name = Debug;
		};
		607FACF41AFB9204008FA782 /* Release */ = {
			isa = XCBuildConfiguration;
			baseConfigurationReference = 1341DF6D4B8988B107C4EC21 /* Pods-ActionSheetView_Tests.release.xcconfig */;
			buildSettings = {
				DEVELOPMENT_TEAM = T6C28BT29G;
				FRAMEWORK_SEARCH_PATHS = (
					"$(SDKROOT)/Developer/Library/Frameworks",
					"$(inherited)",
				);
				INFOPLIST_FILE = Tests/Info.plist;
				LD_RUNPATH_SEARCH_PATHS = "$(inherited) @executable_path/Frameworks @loader_path/Frameworks";
				PRODUCT_BUNDLE_IDENTIFIER = "org.cocoapods.$(PRODUCT_NAME:rfc1034identifier)";
				PRODUCT_NAME = "$(TARGET_NAME)";
				SWIFT_SWIFT3_OBJC_INFERENCE = Default;
				SWIFT_VERSION = 4.0;
			};
			name = Release;
		};
/* End XCBuildConfiguration section */

/* Begin XCConfigurationList section */
		607FACCB1AFB9204008FA782 /* Build configuration list for PBXProject "ActionSheetView" */ = {
			isa = XCConfigurationList;
			buildConfigurations = (
				607FACED1AFB9204008FA782 /* Debug */,
				607FACEE1AFB9204008FA782 /* Release */,
			);
			defaultConfigurationIsVisible = 0;
			defaultConfigurationName = Release;
		};
		607FACEF1AFB9204008FA782 /* Build configuration list for PBXNativeTarget "ActionSheetView_Example" */ = {
			isa = XCConfigurationList;
			buildConfigurations = (
				607FACF01AFB9204008FA782 /* Debug */,
				607FACF11AFB9204008FA782 /* Release */,
			);
			defaultConfigurationIsVisible = 0;
			defaultConfigurationName = Release;
		};
		607FACF21AFB9204008FA782 /* Build configuration list for PBXNativeTarget "ActionSheetView_Tests" */ = {
			isa = XCConfigurationList;
			buildConfigurations = (
				607FACF31AFB9204008FA782 /* Debug */,
				607FACF41AFB9204008FA782 /* Release */,
			);
			defaultConfigurationIsVisible = 0;
			defaultConfigurationName = Release;
		};
/* End XCConfigurationList section */
	};
	rootObject = 607FACC81AFB9204008FA782 /* Project object */;
}
